
Microsoft Visual Studio Solution File, Format Version 12.00
# Visual Studio 15
VisualStudioVersion = 15.0.28307.168
MinimumVisualStudioVersion = 10.0.40219.1
Project("{FAE04EC0-301F-11D3-BF4B-00C04F79EFBC}") = "Website", "Website_GIP\Website.csproj", "{3509B47C-7BF1-4B5D-AC25-A0A8D49AAF85}"
EndProject
Project("{FAE04EC0-301F-11D3-BF4B-00C04F79EFBC}") = "Data_Listener", "Data_Listener\Data_Listener.csproj", "{E8CCFF77-9233-4551-8B31-A38E8FCC3171}"
EndProject
Project("{FAE04EC0-301F-11D3-BF4B-00C04F79EFBC}") = "Flasher", "Flasher\Flasher.csproj", "{193045D8-742B-486A-8C81-7540A6F02095}"
EndProject
Global
	GlobalSection(SolutionConfigurationPlatforms) = preSolution
		Debug|Any CPU = Debug|Any CPU
		Release|Any CPU = Release|Any CPU
	EndGlobalSection
	GlobalSection(ProjectConfigurationPlatforms) = postSolution
		{3509B47C-7BF1-4B5D-AC25-A0A8D49AAF85}.Debug|Any CPU.ActiveCfg = Debug|Any CPU
		{3509B47C-7BF1-4B5D-AC25-A0A8D49AAF85}.Debug|Any CPU.Build.0 = Debug|Any CPU
		{3509B47C-7BF1-4B5D-AC25-A0A8D49AAF85}.Release|Any CPU.ActiveCfg = Release|Any CPU
		{3509B47C-7BF1-4B5D-AC25-A0A8D49AAF85}.Release|Any CPU.Build.0 = Release|Any CPU
		{E8CCFF77-9233-4551-8B31-A38E8FCC3171}.Debug|Any CPU.ActiveCfg = Debug|Any CPU
		{E8CCFF77-9233-4551-8B31-A38E8FCC3171}.Debug|Any CPU.Build.0 = Debug|Any CPU
		{E8CCFF77-9233-4551-8B31-A38E8FCC3171}.Release|Any CPU.ActiveCfg = Release|Any CPU
		{E8CCFF77-9233-4551-8B31-A38E8FCC3171}.Release|Any CPU.Build.0 = Release|Any CPU
		{193045D8-742B-486A-8C81-7540A6F02095}.Debug|Any CPU.ActiveCfg = Debug|Any CPU
		{193045D8-742B-486A-8C81-7540A6F02095}.Debug|Any CPU.Build.0 = Debug|Any CPU
		{193045D8-742B-486A-8C81-7540A6F02095}.Release|Any CPU.ActiveCfg = Release|Any CPU
		{193045D8-742B-486A-8C81-7540A6F02095}.Release|Any CPU.Build.0 = Release|Any CPU
	EndGlobalSection
	GlobalSection(SolutionProperties) = preSolution
		HideSolutionNode = FALSE
	EndGlobalSection
	GlobalSection(ExtensibilityGlobals) = postSolution
		SolutionGuid = {811D0220-08C7-409C-86F5-401EFDB7199A}
	EndGlobalSection
EndGlobal
